hash: 0a4093e796cc0aac4e1a7e0bd67bf007ea969d4a510e800fa60feba430759198
updated: 2016-07-15T21:49:38.27788288+03:00
imports:
- name: github.com/julienschmidt/httprouter
  version: 8c199fb6259ffc1af525cc3ad52ee60ba8359669
- name: github.com/urfave/negroni
  version: fde5e16d32adc7ad637e9cd9ad21d4ebc6192535
testImports: []
